
Microsoft Visual Studio Solution File, Format Version 12.00
# Visual Studio Version 17
VisualStudioVersion = 17.0.31903.59
MinimumVisualStudioVersion = 10.0.40219.1
Project("{FAE04EC0-301F-11D3-BF4B-00C04F79EFBC}") = "Contrail", "Contrail.csproj", "{AEF6491C-8505-40A5-9AC9-4897ED888E3E}"
EndProject
Global
	GlobalSection(SolutionConfigurationPlatforms) = preSolution
		Debug|Any CPU = Debug|Any CPU
		Release|Any CPU = Release|Any CPU
	EndGlobalSection
	GlobalSection(ProjectConfigurationPlatforms) = postSolution
		{AEF6491C-8505-40A5-9AC9-4897ED888E3E}.Debug|Any CPU.ActiveCfg = Debug|Any CPU
		{AEF6491C-8505-40A5-9AC9-4897ED888E3E}.Debug|Any CPU.Build.0 = Debug|Any CPU
		{AEF6491C-8505-40A5-9AC9-4897ED888E3E}.Release|Any CPU.ActiveCfg = Release|Any CPU
		{AEF6491C-8505-40A5-9AC9-4897ED888E3E}.Release|Any CPU.Build.0 = Release|Any CPU
	EndGlobalSection
	GlobalSection(SolutionProperties) = preSolution
		HideSolutionNode = FALSE
	EndGlobalSection
	GlobalSection(ExtensibilityGlobals) = postSolution
		SolutionGuid = {28FA3A32-8A22-400C-8A5B-7147D410789D}
	EndGlobalSection
EndGlobal
